
Microsoft Visual Studio Solution File, Format Version 12.00
# Visual Studio 14
VisualStudioVersion = 14.0.25420.1
MinimumVisualStudioVersion = 10.0.40219.1
Project("{FAE04EC0-301F-11D3-BF4B-00C04F79EFBC}") = "MM.Model", "MM.Model\MM.Model.csproj", "{234F978F-D258-4D71-91B7-59882E687ACD}"
EndProject
Project("{FAE04EC0-301F-11D3-BF4B-00C04F79EFBC}") = "MM.Business", "MM.Business\MM.Business.csproj", "{64DB52CE-3A1A-4597-A5A3-D839CF960151}"
EndProject
Project("{2150E333-8FDC-42A3-9474-1A3956D46DE8}") = "公共类库文件", "公共类库文件", "{3C0429F6-5A4D-4048-81A7-3275622A5773}"
	ProjectSection(SolutionItems) = preProject
		公共类库文件\Dayi.Data.Domain.Seedwork.dll = 公共类库文件\Dayi.Data.Domain.Seedwork.dll
		公共类库文件\Dayi.Infrastructure.Data.Seedwork.dll = 公共类库文件\Dayi.Infrastructure.Data.Seedwork.dll
	EndProjectSection
EndProject
Project("{FAE04EC0-301F-11D3-BF4B-00C04F79EFBC}") = "MM.Repository", "MM.Repository\MM.Repository.csproj", "{07544E04-18BF-4022-933B-A4AD654620E7}"
EndProject
Project("{FAE04EC0-301F-11D3-BF4B-00C04F79EFBC}") = "MM.Repository.Tests", "MM.RepositoryTests\MM.Repository.Tests.csproj", "{8B07B620-C4A9-4106-8C32-2388428734C3}"
EndProject
Project("{FAE04EC0-301F-11D3-BF4B-00C04F79EFBC}") = "MM.BusinessTests", "MM.BusinessTests\MM.BusinessTests.csproj", "{1025F09B-71C2-4827-B0EF-648CDBC67D06}"
EndProject
Global
	GlobalSection(SolutionConfigurationPlatforms) = preSolution
		Debug|Any CPU = Debug|Any CPU
		Release|Any CPU = Release|Any CPU
	EndGlobalSection
	GlobalSection(ProjectConfigurationPlatforms) = postSolution
		{234F978F-D258-4D71-91B7-59882E687ACD}.Debug|Any CPU.ActiveCfg = Debug|Any CPU
		{234F978F-D258-4D71-91B7-59882E687ACD}.Debug|Any CPU.Build.0 = Debug|Any CPU
		{234F978F-D258-4D71-91B7-59882E687ACD}.Release|Any CPU.ActiveCfg = Release|Any CPU
		{234F978F-D258-4D71-91B7-59882E687ACD}.Release|Any CPU.Build.0 = Release|Any CPU
		{64DB52CE-3A1A-4597-A5A3-D839CF960151}.Debug|Any CPU.ActiveCfg = Debug|Any CPU
		{64DB52CE-3A1A-4597-A5A3-D839CF960151}.Debug|Any CPU.Build.0 = Debug|Any CPU
		{64DB52CE-3A1A-4597-A5A3-D839CF960151}.Release|Any CPU.ActiveCfg = Release|Any CPU
		{64DB52CE-3A1A-4597-A5A3-D839CF960151}.Release|Any CPU.Build.0 = Release|Any CPU
		{07544E04-18BF-4022-933B-A4AD654620E7}.Debug|Any CPU.ActiveCfg = Debug|Any CPU
		{07544E04-18BF-4022-933B-A4AD654620E7}.Debug|Any CPU.Build.0 = Debug|Any CPU
		{07544E04-18BF-4022-933B-A4AD654620E7}.Release|Any CPU.ActiveCfg = Release|Any CPU
		{07544E04-18BF-4022-933B-A4AD654620E7}.Release|Any CPU.Build.0 = Release|Any CPU
		{8B07B620-C4A9-4106-8C32-2388428734C3}.Debug|Any CPU.ActiveCfg = Debug|Any CPU
		{8B07B620-C4A9-4106-8C32-2388428734C3}.Debug|Any CPU.Build.0 = Debug|Any CPU
		{8B07B620-C4A9-4106-8C32-2388428734C3}.Release|Any CPU.ActiveCfg = Release|Any CPU
		{8B07B620-C4A9-4106-8C32-2388428734C3}.Release|Any CPU.Build.0 = Release|Any CPU
		{1025F09B-71C2-4827-B0EF-648CDBC67D06}.Debug|Any CPU.ActiveCfg = Debug|Any CPU
		{1025F09B-71C2-4827-B0EF-648CDBC67D06}.Debug|Any CPU.Build.0 = Debug|Any CPU
		{1025F09B-71C2-4827-B0EF-648CDBC67D06}.Release|Any CPU.ActiveCfg = Release|Any CPU
		{1025F09B-71C2-4827-B0EF-648CDBC67D06}.Release|Any CPU.Build.0 = Release|Any CPU
	EndGlobalSection
	GlobalSection(SolutionProperties) = preSolution
		HideSolutionNode = FALSE
	EndGlobalSection
EndGlobal
